// !$*UTF8*$!
{
	archiveVersion = 1;
	classes = {
	};
	objectVersion = 50;
	objects = {

/* Begin PBXBuildFile section */
		1F4C7BEAB2FE83AC266E9B22 /* Pods_newDubai.framework in Frameworks */ = {isa = PBXBuildFile; fileRef = C3CFA577B1F0EC6A9A6F4FD5 /* Pods_newDubai.framework */; };
		7620A0D922C5A0C60047670D /* AppDelegate.swift in Sources */ = {isa = PBXBuildFile; fileRef = 7620A0D822C5A0C60047670D /* AppDelegate.swift */; };
		7620A0DB22C5A0C60047670D /* ViewController.swift in Sources */ = {isa = PBXBuildFile; fileRef = 7620A0DA22C5A0C60047670D /* ViewController.swift */; };
		7620A0DE22C5A0C60047670D /* Main.storyboard in Resources */ = {isa = PBXBuildFile; fileRef = 7620A0DC22C5A0C60047670D /* Main.storyboard */; };
		7620A0E022C5A0C90047670D /* Assets.xcassets in Resources */ = {isa = PBXBuildFile; fileRef = 7620A0DF22C5A0C90047670D /* Assets.xcassets */; };
		7620A0E322C5A0C90047670D /* LaunchScreen.storyboard in Resources */ = {isa = PBXBuildFile; fileRef = 7620A0E122C5A0C90047670D /* LaunchScreen.storyboard */; };
/* End PBXBuildFile section */

/* Begin PBXFileReference section */
		15D427918185F7D68215A5F1 /* Pods-newDubai.release.xcconfig */ = {isa = PBXFileReference; includeInIndex = 1; lastKnownFileType = text.xcconfig; name = "Pods-newDubai.release.xcconfig"; path = "Target Support Files/Pods-newDubai/Pods-newDubai.release.xcconfig"; sourceTree = "<group>"; };
		7620A0D522C5A0C60047670D /* newDubai.app */ = {isa = PBXFileReference; explicitFileType = wrapper.application; includeInIndex = 0; path = newDubai.app; sourceTree = BUILT_PRODUCTS_DIR; };
		7620A0D822C5A0C60047670D /* AppDelegate.swift */ = {isa = PBXFileReference; lastKnownFileType = sourcecode.swift; path = AppDelegate.swift; sourceTree = "<group>"; };
		7620A0DA22C5A0C60047670D /* ViewController.swift */ = {isa = PBXFileReference; lastKnownFileType = sourcecode.swift; path = ViewController.swift; sourceTree = "<group>"; };
		7620A0DD22C5A0C60047670D /* Base */ = {isa = PBXFileReference; lastKnownFileType = file.storyboard; name = Base; path = Base.lproj/Main.storyboard; sourceTree = "<group>"; };
		7620A0DF22C5A0C90047670D /* Assets.xcassets */ = {isa = PBXFileReference; lastKnownFileType = folder.assetcatalog; path = Assets.xcassets; sourceTree = "<group>"; };
		7620A0E222C5A0C90047670D /* Base */ = {isa = PBXFileReference; lastKnownFileType = file.storyboard; name = Base; path = Base.lproj/LaunchScreen.storyboard; sourceTree = "<group>"; };
		7620A0E422C5A0C90047670D /* Info.plist */ = {isa = PBXFileReference; lastKnownFileType = text.plist.xml; path = Info.plist; sourceTree = "<group>"; };
		7C3C50BA49D735E296595B8A /* Pods-newDubai.debug.xcconfig */ = {isa = PBXFileReference; includeInIndex = 1; lastKnownFileType = text.xcconfig; name = "Pods-newDubai.debug.xcconfig"; path = "Target Support Files/Pods-newDubai/Pods-newDubai.debug.xcconfig"; sourceTree = "<group>"; };
		C3CFA577B1F0EC6A9A6F4FD5 /* Pods_newDubai.framework */ = {isa = PBXFileReference; explicitFileType = wrapper.framework; includeInIndex = 0; path = Pods_newDubai.framework; sourceTree = BUILT_PRODUCTS_DIR; };
/* End PBXFileReference section */

/* Begin PBXFrameworksBuildPhase section */
		7620A0D222C5A0C60047670D /* Frameworks */ = {
			isa = PBXFrameworksBuildPhase;
			buildActionMask = 2147483647;
			files = (
				1F4C7BEAB2FE83AC266E9B22 /* Pods_newDubai.framework in Frameworks */,
			);
			runOnlyForDeploymentPostprocessing = 0;
		};
/* End PBXFrameworksBuildPhase section */

/* Begin PBXGroup section */
		127832B44E163AEDF1EA7246 /* Pods */ = {
			isa = PBXGroup;
			children = (
				7C3C50BA49D735E296595B8A /* Pods-newDubai.debug.xcconfig */,
				15D427918185F7D68215A5F1 /* Pods-newDubai.release.xcconfig */,
			);
			name = Pods;
			path = Pods;
			sourceTree = "<group>";
		};
		15C14CD98DD3CE32B343E6BA /* Frameworks */ = {
			isa = PBXGroup;
			children = (
				C3CFA577B1F0EC6A9A6F4FD5 /* Pods_newDubai.framework */,
			);
			name = Frameworks;
			sourceTree = "<group>";
		};
		7620A0CC22C5A0C60047670D = {
			isa = PBXGroup;
			children = (
				7620A0D722C5A0C60047670D /* newDubai */,
				7620A0D622C5A0C60047670D /* Products */,
				127832B44E163AEDF1EA7246 /* Pods */,
				15C14CD98DD3CE32B343E6BA /* Frameworks */,
			);
			sourceTree = "<group>";
		};
		7620A0D622C5A0C60047670D /* Products */ = {
			isa = PBXGroup;
			children = (
				7620A0D522C5A0C60047670D /* newDubai.app */,
			);
			name = Products;
			sourceTree = "<group>";
		};
		7620A0D722C5A0C60047670D /* newDubai */ = {
			isa = PBXGroup;
			children = (
				7620A0D822C5A0C60047670D /* AppDelegate.swift */,
				7620A0DA22C5A0C60047670D /* ViewController.swift */,
				7620A0DC22C5A0C60047670D /* Main.storyboard */,
				7620A0DF22C5A0C90047670D /* Assets.xcassets */,
				7620A0E122C5A0C90047670D /* LaunchScreen.storyboard */,
				7620A0E422C5A0C90047670D /* Info.plist */,
			);
			path = newDubai;
			sourceTree = "<group>";
		};
/* End PBXGroup section */

/* Begin PBXNativeTarget section */
		7620A0D422C5A0C60047670D /* newDubai */ = {
			isa = PBXNativeTarget;
			buildConfigurationList = 7620A0E722C5A0C90047670D /* Build configuration list for PBXNativeTarget "newDubai" */;
			buildPhases = (
				2013FD2ACCD122098A23D432 /* [CP] Check Pods Manifest.lock */,
				7620A0D122C5A0C60047670D /* Sources */,
				7620A0D222C5A0C60047670D /* Frameworks */,
				7620A0D322C5A0C60047670D /* Resources */,
				F2EC6E10EAB985DCE2F74750 /* [CP] Embed Pods Frameworks */,
			);
			buildRules = (
			);
			dependencies = (
			);
			name = newDubai;
			productName = newDubai;
			productReference = 7620A0D522C5A0C60047670D /* newDubai.app */;
			productType = "com.apple.product-type.application";
		};
/* End PBXNativeTarget section */

/* Begin PBXProject section */
		7620A0CD22C5A0C60047670D /* Project object */ = {
			isa = PBXProject;
			attributes = {
				LastSwiftUpdateCheck = 1020;
				LastUpgradeCheck = 1020;
				ORGANIZATIONNAME = "\U0010KevinLin";
				TargetAttributes = {
					7620A0D422C5A0C60047670D = {
						CreatedOnToolsVersion = 10.2.1;
					};
				};
			};
			buildConfigurationList = 7620A0D022C5A0C60047670D /* Build configuration list for PBXProject "newDubai" */;
			compatibilityVersion = "Xcode 9.3";
			developmentRegion = en;
			hasScannedForEncodings = 0;
			knownRegions = (
				en,
				Base,
			);
			mainGroup = 7620A0CC22C5A0C60047670D;
			productRefGroup = 7620A0D622C5A0C60047670D /* Products */;
			projectDirPath = "";
			projectRoot = "";
			targets = (
				7620A0D422C5A0C60047670D /* newDubai */,
			);
		};
/* End PBXProject section */

/* Begin PBXResourcesBuildPhase section */
		7620A0D322C5A0C60047670D /* Resources */ = {
			isa = PBXResourcesBuildPhase;
			buildActionMask = 2147483647;
			files = (
				7620A0E322C5A0C90047670D /* LaunchScreen.storyboard in Resources */,
				7620A0E022C5A0C90047670D /* Assets.xcassets in Resources */,
				7620A0DE22C5A0C60047670D /* Main.storyboard in Resources */,
			);
			runOnlyForDeploymentPostprocessing = 0;
		};
/* End PBXResourcesBuildPhase section */

/* Begin PBXShellScriptBuildPhase section */
		2013FD2ACCD122098A23D432 /* [CP] Check Pods Manifest.lock */ = {
			isa = PBXShellScriptBuildPhase;
			buildActionMask = 2147483647;
			files = (
			);
			inputFileListPaths = (
			);
			inputPaths = (
				"${PODS_PODFILE_DIR_PATH}/Podfile.lock",
				"${PODS_ROOT}/Manifest.lock",
			);
			name = "[CP] Check Pods Manifest.lock";
			outputFileListPaths = (
			);
			outputPaths = (
				"$(DERIVED_FILE_DIR)/Pods-newDubai-checkManifestLockResult.txt",
			);
			runOnlyForDeploymentPostprocessing = 0;
			shellPath = /bin/sh;
			shellScript = "diff \"${PODS_PODFILE_DIR_PATH}/Podfile.lock\" \"${PODS_ROOT}/Manifest.lock\" > /dev/null\nif [ $? != 0 ] ; then\n    # print error to STDERR\n    echo \"error: The sandbox is not in sync with the Podfile.lock. Run 'pod install' or update your CocoaPods installation.\" >&2\n    exit 1\nfi\n# This output is used by Xcode 'outputs' to avoid re-running this script phase.\necho \"SUCCESS\" > \"${SCRIPT_OUTPUT_FILE_0}\"\n";
			showEnvVarsInLog = 0;
		};
		F2EC6E10EAB985DCE2F74750 /* [CP] Embed Pods Frameworks */ = {
			isa = PBXShellScriptBuildPhase;
			buildActionMask = 2147483647;
			files = (
			);
			inputFileListPaths = (
				"${PODS_ROOT}/Target Support Files/Pods-newDubai/Pods-newDubai-frameworks-${CONFIGURATION}-input-files.xcfilelist",
			);
			name = "[CP] Embed Pods Frameworks";
			outputFileListPaths = (
				"${PODS_ROOT}/Target Support Files/Pods-newDubai/Pods-newDubai-frameworks-${CONFIGURATION}-output-files.xcfilelist",
			);
			runOnlyForDeploymentPostprocessing = 0;
			shellPath = /bin/sh;
			shellScript = "\"${PODS_ROOT}/Target Support Files/Pods-newDubai/Pods-newDubai-frameworks.sh\"\n";
			showEnvVarsInLog = 0;
		};
/* End PBXShellScriptBuildPhase section */

/* Begin PBXSourcesBuildPhase section */
		7620A0D122C5A0C60047670D /* Sources */ = {
			isa = PBXSourcesBuildPhase;
			buildActionMask = 2147483647;
			files = (
				7620A0DB22C5A0C60047670D /* ViewController.swift in Sources */,
				7620A0D922C5A0C60047670D /* AppDelegate.swift in Sources */,
			);
			runOnlyForDeploymentPostprocessing = 0;
		};
/* End PBXSourcesBuildPhase section */

/* Begin PBXVariantGroup section */
		7620A0DC22C5A0C60047670D /* Main.storyboard */ = {
			isa = PBXVariantGroup;
			children = (
				7620A0DD22C5A0C60047670D /* Base */,
			);
			name = Main.storyboard;
			sourceTree = "<group>";
		};
		7620A0E122C5A0C90047670D /* LaunchScreen.storyboard */ = {
			isa = PBXVariantGroup;
			children = (
				7620A0E222C5A0C90047670D /* Base */,
			);
			name = LaunchScreen.storyboard;
			sourceTree = "<group>";
		};
/* End PBXVariantGroup section */

/* Begin XCBuildConfiguration section */
		7620A0E522C5A0C90047670D /* Debug */ = {
			isa = XCBuildConfiguration;
			buildSettings = {
				ALWAYS_SEARCH_USER_PATHS = NO;
				CLANG_ANALYZER_NONNULL = YES;
				CLANG_ANALYZER_NUMBER_OBJECT_CONVERSION = YES_AGGRESSIVE;
				CLANG_CXX_LANGUAGE_STANDARD = "gnu++14";
				CLANG_CXX_LIBRARY = "libc++";
				CLANG_ENABLE_MODULES = YES;
				CLANG_ENABLE_OBJC_ARC = YES;
				CLANG_ENABLE_OBJC_WEAK = YES;
				CLANG_WARN_BLOCK_CAPTURE_AUTORELEASING = YES;
				CLANG_WARN_BOOL_CONVERSION = YES;
				CLANG_WARN_COMMA = YES;
				CLANG_WARN_CONSTANT_CONVERSION = YES;
				CLANG_WARN_DEPRECATED_OBJC_IMPLEMENTATIONS = YES;
				CLANG_WARN_DIRECT_OBJC_ISA_USAGE = YES_ERROR;
				CLANG_WARN_DOCUMENTATION_COMMENTS = YES;
				CLANG_WARN_EMPTY_BODY = YES;
				CLANG_WARN_ENUM_CONVERSION = YES;
				CLANG_WARN_INFINITE_RECURSION = YES;
				CLANG_WARN_INT_CONVERSION = YES;
				CLANG_WARN_NON_LITERAL_NULL_CONVERSION = YES;
				CLANG_WARN_OBJC_IMPLICIT_RETAIN_SELF = YES;
				CLANG_WARN_OBJC_LITERAL_CONVERSION = YES;
				CLANG_WARN_OBJC_ROOT_CLASS = YES_ERROR;
				CLANG_WARN_RANGE_LOOP_ANALYSIS = YES;
				CLANG_WARN_STRICT_PROTOTYPES = YES;
				CLANG_WARN_SUSPICIOUS_MOVE = YES;
				CLANG_WARN_UNGUARDED_AVAILABILITY = YES_AGGRESSIVE;
				CLANG_WARN_UNREACHABLE_CODE = YES;
				CLANG_WARN__DUPLICATE_METHOD_MATCH = YES;
				CODE_SIGN_IDENTITY = "iPhone Developer";
				COPY_PHASE_STRIP = NO;
				DEBUG_INFORMATION_FORMAT = dwarf;
				ENABLE_STRICT_OBJC_MSGSEND = YES;
				ENABLE_TESTABILITY = YES;
				GCC_C_LANGUAGE_STANDARD = gnu11;
				GCC_DYNAMIC_NO_PIC = NO;
				GCC_NO_COMMON_BLOCKS = YES;
				GCC_OPTIMIZATION_LEVEL = 0;
				GCC_PREPROCESSOR_DEFINITIONS = (
					"DEBUG=1",
					"$(inherited)",
				);
				GCC_WARN_64_TO_32_BIT_CONVERSION = YES;
				GCC_WARN_ABOUT_RETURN_TYPE = YES_ERROR;
				GCC_WARN_UNDECLARED_SELECTOR = YES;
				GCC_WARN_UNINITIALIZED_AUTOS = YES_AGGRESSIVE;
				GCC_WARN_UNUSED_FUNCTION = YES;
				GCC_WARN_UNUSED_VARIABLE = YES;
				IPHONEOS_DEPLOYMENT_TARGET = 12.2;
				MTL_ENABLE_DEBUG_INFO = INCLUDE_SOURCE;
				MTL_FAST_MATH = YES;
				ONLY_ACTIVE_ARCH = YES;
				SDKROOT = iphoneos;
				SWIFT_ACTIVE_COMPILATION_CONDITIONS = DEBUG;
				SWIFT_OPTIMIZATION_LEVEL = "-Onone";
			};
			name = Debug;
		};
		7620A0E622C5A0C90047670D /* Release */ = {
			isa = XCBuildConfiguration;
			buildSettings = {
				ALWAYS_SEARCH_USER_PATHS = NO;
				CLANG_ANALYZER_NONNULL = YES;
				CLANG_ANALYZER_NUMBER_OBJECT_CONVERSION = YES_AGGRESSIVE;
				CLANG_CXX_LANGUAGE_STANDARD = "gnu++14";
				CLANG_CXX_LIBRARY = "libc++";
				CLANG_ENABLE_MODULES = YES;
				CLANG_ENABLE_OBJC_ARC = YES;
				CLANG_ENABLE_OBJC_WEAK = YES;
				CLANG_WARN_BLOCK_CAPTURE_AUTORELEASING = YES;
				CLANG_WARN_BOOL_CONVERSION = YES;
				CLANG_WARN_COMMA = YES;
				CLANG_WARN_CONSTANT_CONVERSION = YES;
				CLANG_WARN_DEPRECATED_OBJC_IMPLEMENTATIONS = YES;
				CLANG_WARN_DIRECT_OBJC_ISA_USAGE = YES_ERROR;
				CLANG_WARN_DOCUMENTATION_COMMENTS = YES;
				CLANG_WARN_EMPTY_BODY = YES;
				CLANG_WARN_ENUM_CONVERSION = YES;
				CLANG_WARN_INFINITE_RECURSION = YES;
				CLANG_WARN_INT_CONVERSION = YES;
				CLANG_WARN_NON_LITERAL_NULL_CONVERSION = YES;
				CLANG_WARN_OBJC_IMPLICIT_RETAIN_SELF = YES;
				CLANG_WARN_OBJC_LITERAL_CONVERSION = YES;
				CLANG_WARN_OBJC_ROOT_CLASS = YES_ERROR;
				CLANG_WARN_RANGE_LOOP_ANALYSIS = YES;
				CLANG_WARN_STRICT_PROTOTYPES = YES;
				CLANG_WARN_SUSPICIOUS_MOVE = YES;
				CLANG_WARN_UNGUARDED_AVAILABILITY = YES_AGGRESSIVE;
				CLANG_WARN_UNREACHABLE_CODE = YES;
				CLANG_WARN__DUPLICATE_METHOD_MATCH = YES;
				CODE_SIGN_IDENTITY = "iPhone Developer";
				COPY_PHASE_STRIP = NO;
				DEBUG_INFORMATION_FORMAT = "dwarf-with-dsym";
				ENABLE_NS_ASSERTIONS = NO;
				ENABLE_STRICT_OBJC_MSGSEND = YES;
				GCC_C_LANGUAGE_STANDARD = gnu11;
				GCC_NO_COMMON_BLOCKS = YES;
				GCC_WARN_64_TO_32_BIT_CONVERSION = YES;
				GCC_WARN_ABOUT_RETURN_TYPE = YES_ERROR;
				GCC_WARN_UNDECLARED_SELECTOR = YES;
				GCC_WARN_UNINITIALIZED_AUTOS = YES_AGGRESSIVE;
				GCC_WARN_UNUSED_FUNCTION = YES;
				GCC_WARN_UNUSED_VARIABLE = YES;
				IPHONEOS_DEPLOYMENT_TARGET = 12.2;
				MTL_ENABLE_DEBUG_INFO = NO;
				MTL_FAST_MATH = YES;
				SDKROOT = iphoneos;
				SWIFT_COMPILATION_MODE = wholemodule;
				SWIFT_OPTIMIZATION_LEVEL = "-O";
				VALIDATE_PRODUCT = YES;
			};
			name = Release;
		};
		7620A0E822C5A0C90047670D /* Debug */ = {
			isa = XCBuildConfiguration;
			baseConfigurationReference = 7C3C50BA49D735E296595B8A /* Pods-newDubai.debug.xcconfig */;
			buildSettings = {
				ASSETCATALOG_COMPILER_APPICON_NAME = AppIcon;
				CODE_SIGN_STYLE = Automatic;
				DEVELOPMENT_TEAM = C5235969FU;
				INFOPLIST_FILE = newDubai/Info.plist;
				IPHONEOS_DEPLOYMENT_TARGET = 9.0;
				LD_RUNPATH_SEARCH_PATHS = (
					"$(inherited)",
					"@executable_path/Frameworks",
				);
				PRODUCT_BUNDLE_IDENTIFIER = itstar.ios.newDubai;
				PRODUCT_NAME = "$(TARGET_NAME)";
				SWIFT_VERSION = 5.0;
				TARGETED_DEVICE_FAMILY = "1,2";
			};
			name = Debug;
		};
		7620A0E922C5A0C90047670D /* Release */ = {
			isa = XCBuildConfiguration;
			baseConfigurationReference = 15D427918185F7D68215A5F1 /* Pods-newDubai.release.xcconfig */;
			buildSettings = {
				ASSETCATALOG_COMPILER_APPICON_NAME = AppIcon;
				CODE_SIGN_STYLE = Automatic;
				DEVELOPMENT_TEAM = C5235969FU;
				INFOPLIST_FILE = newDubai/Info.plist;
				IPHONEOS_DEPLOYMENT_TARGET = 9.0;
				LD_RUNPATH_SEARCH_PATHS = (
					"$(inherited)",
					"@executable_path/Frameworks",
				);
				PRODUCT_BUNDLE_IDENTIFIER = itstar.ios.newDubai;
				PRODUCT_NAME = "$(TARGET_NAME)";
				SWIFT_VERSION = 5.0;
				TARGETED_DEVICE_FAMILY = "1,2";
			};
			name = Release;
		};
/* End XCBuildConfiguration section */

/* Begin XCConfigurationList section */
		7620A0D022C5A0C60047670D /* Build configuration list for PBXProject "newDubai" */ = {
			isa = XCConfigurationList;
			buildConfigurations = (
				7620A0E522C5A0C90047670D /* Debug */,
				7620A0E622C5A0C90047670D /* Release */,
			);
			defaultConfigurationIsVisible = 0;
			defaultConfigurationName = Release;
		};
		7620A0E722C5A0C90047670D /* Build configuration list for PBXNativeTarget "newDubai" */ = {
			isa = XCConfigurationList;
			buildConfigurations = (
				7620A0E822C5A0C90047670D /* Debug */,
				7620A0E922C5A0C90047670D /* Release */,
			);
			defaultConfigurationIsVisible = 0;
			defaultConfigurationName = Release;
		};
/* End XCConfigurationList section */
	};
	rootObject = 7620A0CD22C5A0C60047670D /* Project object */;
}
